// !$*UTF8*$!
{
	archiveVersion = 1;
	classes = {
	};
	objectVersion = 46;
	objects = {

/* Begin PBXBuildFile section */
		192BF6351F564FBF007110C1 /* AppDelegate.swift in Sources */ = {isa = PBXBuildFile; fileRef = 192BF6341F564FBF007110C1 /* AppDelegate.swift */; };
		192BF6371F564FBF007110C1 /* MainVC.swift in Sources */ = {isa = PBXBuildFile; fileRef = 192BF6361F564FBF007110C1 /* MainVC.swift */; };
		192BF63A1F564FBF007110C1 /* Main.storyboard in Resources */ = {isa = PBXBuildFile; fileRef = 192BF6381F564FBF007110C1 /* Main.storyboard */; };
		192BF63C1F564FBF007110C1 /* Assets.xcassets in Resources */ = {isa = PBXBuildFile; fileRef = 192BF63B1F564FBF007110C1 /* Assets.xcassets */; };
		192BF63F1F564FBF007110C1 /* LaunchScreen.storyboard in Resources */ = {isa = PBXBuildFile; fileRef = 192BF63D1F564FBF007110C1 /* LaunchScreen.storyboard */; };
		192BF64A1F564FBF007110C1 /* Simple_CalculatorTests.swift in Sources */ = {isa = PBXBuildFile; fileRef = 192BF6491F564FBF007110C1 /* Simple_CalculatorTests.swift */; };
		192BF6561F56538E007110C1 /* CornerRadius.swift in Sources */ = {isa = PBXBuildFile; fileRef = 192BF6551F56538E007110C1 /* CornerRadius.swift */; };
/* End PBXBuildFile section */

/* Begin PBXContainerItemProxy section */
		192BF6461F564FBF007110C1 /* PBXContainerItemProxy */ = {
			isa = PBXContainerItemProxy;
			containerPortal = 192BF6291F564FBF007110C1 /* Project object */;
			proxyType = 1;
			remoteGlobalIDString = 192BF6301F564FBF007110C1;
			remoteInfo = "Simple Calculator";
		};
/* End PBXContainerItemProxy section */

/* Begin PBXFileReference section */
		192BF6311F564FBF007110C1 /* Simple Calculator.app */ = {isa = PBXFileReference; explicitFileType = wrapper.application; includeInIndex = 0; path = "Simple Calculator.app"; sourceTree = BUILT_PRODUCTS_DIR; };
		192BF6341F564FBF007110C1 /* AppDelegate.swift */ = {isa = PBXFileReference; lastKnownFileType = sourcecode.swift; path = AppDelegate.swift; sourceTree = "<group>"; };
		192BF6361F564FBF007110C1 /* MainVC.swift */ = {isa = PBXFileReference; lastKnownFileType = sourcecode.swift; path = MainVC.swift; sourceTree = "<group>"; };
		192BF6391F564FBF007110C1 /* Base */ = {isa = PBXFileReference; lastKnownFileType = file.storyboard; name = Base; path = Base.lproj/Main.storyboard; sourceTree = "<group>"; };
		192BF63B1F564FBF007110C1 /* Assets.xcassets */ = {isa = PBXFileReference; lastKnownFileType = folder.assetcatalog; path = Assets.xcassets; sourceTree = "<group>"; };
		192BF63E1F564FBF007110C1 /* Base */ = {isa = PBXFileReference; lastKnownFileType = file.storyboard; name = Base; path = Base.lproj/LaunchScreen.storyboard; sourceTree = "<group>"; };
		192BF6401F564FBF007110C1 /* Info.plist */ = {isa = PBXFileReference; lastKnownFileType = text.plist.xml; path = Info.plist; sourceTree = "<group>"; };
		192BF6451F564FBF007110C1 /* Simple CalculatorTests.xctest */ = {isa = PBXFileReference; explicitFileType = wrapper.cfbundle; includeInIndex = 0; path = "Simple CalculatorTests.xctest"; sourceTree = BUILT_PRODUCTS_DIR; };
		192BF6491F564FBF007110C1 /* Simple_CalculatorTests.swift */ = {isa = PBXFileReference; lastKnownFileType = sourcecode.swift; path = Simple_CalculatorTests.swift; sourceTree = "<group>"; };
		192BF64B1F564FBF007110C1 /* Info.plist */ = {isa = PBXFileReference; lastKnownFileType = text.plist.xml; path = Info.plist; sourceTree = "<group>"; };
		192BF6551F56538E007110C1 /* CornerRadius.swift */ = {isa = PBXFileReference; fileEncoding = 4; lastKnownFileType = sourcecode.swift; path = CornerRadius.swift; sourceTree = "<group>"; };
/* End PBXFileReference section */

/* Begin PBXFrameworksBuildPhase section */
		192BF62E1F564FBF007110C1 /* Frameworks */ = {
			isa = PBXFrameworksBuildPhase;
			buildActionMask = 2147483647;
			files = (
			);
			runOnlyForDeploymentPostprocessing = 0;
		};
		192BF6421F564FBF007110C1 /* Frameworks */ = {
			isa = PBXFrameworksBuildPhase;
			buildActionMask = 2147483647;
			files = (
			);
			runOnlyForDeploymentPostprocessing = 0;
		};
/* End PBXFrameworksBuildPhase section */

/* Begin PBXGroup section */
		192BF6281F564FBF007110C1 = {
			isa = PBXGroup;
			children = (
				192BF6331F564FBF007110C1 /* Simple Calculator */,
				192BF6481F564FBF007110C1 /* Simple CalculatorTests */,
				192BF6321F564FBF007110C1 /* Products */,
			);
			sourceTree = "<group>";
		};
		192BF6321F564FBF007110C1 /* Products */ = {
			isa = PBXGroup;
			children = (
				192BF6311F564FBF007110C1 /* Simple Calculator.app */,
				192BF6451F564FBF007110C1 /* Simple CalculatorTests.xctest */,
			);
			name = Products;
			sourceTree = "<group>";
		};
		192BF6331F564FBF007110C1 /* Simple Calculator */ = {
			isa = PBXGroup;
			children = (
				19F9A99B1F566D1C000F83A8 /* Modal */,
				192BF6571F566725007110C1 /* Controller */,
				192BF6541F565379007110C1 /* View */,
				192BF6341F564FBF007110C1 /* AppDelegate.swift */,
				192BF6381F564FBF007110C1 /* Main.storyboard */,
				192BF63B1F564FBF007110C1 /* Assets.xcassets */,
				192BF63D1F564FBF007110C1 /* LaunchScreen.storyboard */,
				192BF6401F564FBF007110C1 /* Info.plist */,
			);
			path = "Simple Calculator";
			sourceTree = "<group>";
		};
		192BF6481F564FBF007110C1 /* Simple CalculatorTests */ = {
			isa = PBXGroup;
			children = (
				192BF6491F564FBF007110C1 /* Simple_CalculatorTests.swift */,
				192BF64B1F564FBF007110C1 /* Info.plist */,
			);
			path = "Simple CalculatorTests";
			sourceTree = "<group>";
		};
		192BF6541F565379007110C1 /* View */ = {
			isa = PBXGroup;
			children = (
				192BF6551F56538E007110C1 /* CornerRadius.swift */,
			);
			name = View;
			sourceTree = "<group>";
		};
		192BF6571F566725007110C1 /* Controller */ = {
			isa = PBXGroup;
			children = (
				192BF6361F564FBF007110C1 /* MainVC.swift */,
			);
			name = Controller;
			sourceTree = "<group>";
		};
		19F9A99B1F566D1C000F83A8 /* Modal */ = {
			isa = PBXGroup;
			children = (
			);
			name = Modal;
			sourceTree = "<group>";
		};
/* End PBXGroup section */

/* Begin PBXNativeTarget section */
		192BF6301F564FBF007110C1 /* Simple Calculator */ = {
			isa = PBXNativeTarget;
			buildConfigurationList = 192BF64E1F564FBF007110C1 /* Build configuration list for PBXNativeTarget "Simple Calculator" */;
			buildPhases = (
				192BF62D1F564FBF007110C1 /* Sources */,
				192BF62E1F564FBF007110C1 /* Frameworks */,
				192BF62F1F564FBF007110C1 /* Resources */,
			);
			buildRules = (
			);
			dependencies = (
			);
			name = "Simple Calculator";
			productName = "Simple Calculator";
			productReference = 192BF6311F564FBF007110C1 /* Simple Calculator.app */;
			productType = "com.apple.product-type.application";
		};
		192BF6441F564FBF007110C1 /* Simple CalculatorTests */ = {
			isa = PBXNativeTarget;
			buildConfigurationList = 192BF6511F564FBF007110C1 /* Build configuration list for PBXNativeTarget "Simple CalculatorTests" */;
			buildPhases = (
				192BF6411F564FBF007110C1 /* Sources */,
				192BF6421F564FBF007110C1 /* Frameworks */,
				192BF6431F564FBF007110C1 /* Resources */,
			);
			buildRules = (
			);
			dependencies = (
				192BF6471F564FBF007110C1 /* PBXTargetDependency */,
			);
			name = "Simple CalculatorTests";
			productName = "Simple CalculatorTests";
			productReference = 192BF6451F564FBF007110C1 /* Simple CalculatorTests.xctest */;
			productType = "com.apple.product-type.bundle.unit-test";
		};
/* End PBXNativeTarget section */

/* Begin PBXProject section */
		192BF6291F564FBF007110C1 /* Project object */ = {
			isa = PBXProject;
			attributes = {
				LastSwiftUpdateCheck = 0830;
				LastUpgradeCheck = 0830;
				ORGANIZATIONNAME = "Chris McDonald";
				TargetAttributes = {
					192BF6301F564FBF007110C1 = {
						CreatedOnToolsVersion = 8.3.2;
						DevelopmentTeam = E8W6XDS66Q;
						ProvisioningStyle = Automatic;
					};
					192BF6441F564FBF007110C1 = {
						CreatedOnToolsVersion = 8.3.2;
						DevelopmentTeam = E8W6XDS66Q;
						ProvisioningStyle = Automatic;
						TestTargetID = 192BF6301F564FBF007110C1;
					};
				};
			};
			buildConfigurationList = 192BF62C1F564FBF007110C1 /* Build configuration list for PBXProject "Simple Calculator" */;
			compatibilityVersion = "Xcode 3.2";
			developmentRegion = English;
			hasScannedForEncodings = 0;
			knownRegions = (
				en,
				Base,
			);
			mainGroup = 192BF6281F564FBF007110C1;
			productRefGroup = 192BF6321F564FBF007110C1 /* Products */;
			projectDirPath = "";
			projectRoot = "";
			targets = (
				192BF6301F564FBF007110C1 /* Simple Calculator */,
				192BF6441F564FBF007110C1 /* Simple CalculatorTests */,
			);
		};
/* End PBXProject section */

/* Begin PBXResourcesBuildPhase section */
		192BF62F1F564FBF007110C1 /* Resources */ = {
			isa = PBXResourcesBuildPhase;
			buildActionMask = 2147483647;
			files = (
				192BF63F1F564FBF007110C1 /* LaunchScreen.storyboard in Resources */,
				192BF63C1F564FBF007110C1 /* Assets.xcassets in Resources */,
				192BF63A1F564FBF007110C1 /* Main.storyboard in Resources */,
			);
			runOnlyForDeploymentPostprocessing = 0;
		};
		192BF6431F564FBF007110C1 /* Resources */ = {
			isa = PBXResourcesBuildPhase;
			buildActionMask = 2147483647;
			files = (
			);
			runOnlyForDeploymentPostprocessing = 0;
		};
/* End PBXResourcesBuildPhase section */

/* Begin PBXSourcesBuildPhase section */
		192BF62D1F564FBF007110C1 /* Sources */ = {
			isa = PBXSourcesBuildPhase;
			buildActionMask = 2147483647;
			files = (
				192BF6371F564FBF007110C1 /* MainVC.swift in Sources */,
				192BF6351F564FBF007110C1 /* AppDelegate.swift in Sources */,
				192BF6561F56538E007110C1 /* CornerRadius.swift in Sources */,
			);
			runOnlyForDeploymentPostprocessing = 0;
		};
		192BF6411F564FBF007110C1 /* Sources */ = {
			isa = PBXSourcesBuildPhase;
			buildActionMask = 2147483647;
			files = (
				192BF64A1F564FBF007110C1 /* Simple_CalculatorTests.swift in Sources */,
			);
			runOnlyForDeploymentPostprocessing = 0;
		};
/* End PBXSourcesBuildPhase section */

/* Begin PBXTargetDependency section */
		192BF6471F564FBF007110C1 /* PBXTargetDependency */ = {
			isa = PBXTargetDependency;
			target = 192BF6301F564FBF007110C1 /* Simple Calculator */;
			targetProxy = 192BF6461F564FBF007110C1 /* PBXContainerItemProxy */;
		};
/* End PBXTargetDependency section */

/* Begin PBXVariantGroup section */
		192BF6381F564FBF007110C1 /* Main.storyboard */ = {
			isa = PBXVariantGroup;
			children = (
				192BF6391F564FBF007110C1 /* Base */,
			);
			name = Main.storyboard;
			sourceTree = "<group>";
		};
		192BF63D1F564FBF007110C1 /* LaunchScreen.storyboard */ = {
			isa = PBXVariantGroup;
			children = (
				192BF63E1F564FBF007110C1 /* Base */,
			);
			name = LaunchScreen.storyboard;
			sourceTree = "<group>";
		};
/* End PBXVariantGroup section */

/* Begin XCBuildConfiguration section */
		192BF64C1F564FBF007110C1 /* Debug */ = {
			isa = XCBuildConfiguration;
			buildSettings = {
				ALWAYS_SEARCH_USER_PATHS = NO;
				CLANG_ANALYZER_NONNULL = YES;
				CLANG_ANALYZER_NUMBER_OBJECT_CONVERSION = YES_AGGRESSIVE;
				CLANG_CXX_LANGUAGE_STANDARD = "gnu++0x";
				CLANG_CXX_LIBRARY = "libc++";
				CLANG_ENABLE_MODULES = YES;
				CLANG_ENABLE_OBJC_ARC = YES;
				CLANG_WARN_BOOL_CONVERSION = YES;
				CLANG_WARN_CONSTANT_CONVERSION = YES;
				CLANG_WARN_DIRECT_OBJC_ISA_USAGE = YES_ERROR;
				CLANG_WARN_DOCUMENTATION_COMMENTS = YES;
				CLANG_WARN_EMPTY_BODY = YES;
				CLANG_WARN_ENUM_CONVERSION = YES;
				CLANG_WARN_INFINITE_RECURSION = YES;
				CLANG_WARN_INT_CONVERSION = YES;
				CLANG_WARN_OBJC_ROOT_CLASS = YES_ERROR;
				CLANG_WARN_SUSPICIOUS_MOVE = YES;
				CLANG_WARN_UNREACHABLE_CODE = YES;
				CLANG_WARN__DUPLICATE_METHOD_MATCH = YES;
				"CODE_SIGN_IDENTITY[sdk=iphoneos*]" = "iPhone Developer";
				COPY_PHASE_STRIP = NO;
				DEBUG_INFORMATION_FORMAT = dwarf;
				ENABLE_STRICT_OBJC_MSGSEND = YES;
				ENABLE_TESTABILITY = YES;
				GCC_C_LANGUAGE_STANDARD = gnu99;
				GCC_DYNAMIC_NO_PIC = NO;
				GCC_NO_COMMON_BLOCKS = YES;
				GCC_OPTIMIZATION_LEVEL = 0;
				GCC_PREPROCESSOR_DEFINITIONS = (
					"DEBUG=1",
					"$(inherited)",
				);
				GCC_WARN_64_TO_32_BIT_CONVERSION = YES;
				GCC_WARN_ABOUT_RETURN_TYPE = YES_ERROR;
				GCC_WARN_UNDECLARED_SELECTOR = YES;
				GCC_WARN_UNINITIALIZED_AUTOS = YES_AGGRESSIVE;
				GCC_WARN_UNUSED_FUNCTION = YES;
				GCC_WARN_UNUSED_VARIABLE = YES;
				IPHONEOS_DEPLOYMENT_TARGET = 10.3;
				MTL_ENABLE_DEBUG_INFO = YES;
				ONLY_ACTIVE_ARCH = YES;
				SDKROOT = iphoneos;
				SWIFT_ACTIVE_COMPILATION_CONDITIONS = DEBUG;
				SWIFT_OPTIMIZATION_LEVEL = "-Onone";
			};
			name = Debug;
		};
		192BF64D1F564FBF007110C1 /* Release */ = {
			isa = XCBuildConfiguration;
			buildSettings = {
				ALWAYS_SEARCH_USER_PATHS = NO;
				CLANG_ANALYZER_NONNULL = YES;
				CLANG_ANALYZER_NUMBER_OBJECT_CONVERSION = YES_AGGRESSIVE;
				CLANG_CXX_LANGUAGE_STANDARD = "gnu++0x";
				CLANG_CXX_LIBRARY = "libc++";
				CLANG_ENABLE_MODULES = YES;
				CLANG_ENABLE_OBJC_ARC = YES;
				CLANG_WARN_BOOL_CONVERSION = YES;
				CLANG_WARN_CONSTANT_CONVERSION = YES;
				CLANG_WARN_DIRECT_OBJC_ISA_USAGE = YES_ERROR;
				CLANG_WARN_DOCUMENTATION_COMMENTS = YES;
				CLANG_WARN_EMPTY_BODY = YES;
				CLANG_WARN_ENUM_CONVERSION = YES;
				CLANG_WARN_INFINITE_RECURSION = YES;
				CLANG_WARN_INT_CONVERSION = YES;
				CLANG_WARN_OBJC_ROOT_CLASS = YES_ERROR;
				CLANG_WARN_SUSPICIOUS_MOVE = YES;
				CLANG_WARN_UNREACHABLE_CODE = YES;
				CLANG_WARN__DUPLICATE_METHOD_MATCH = YES;
				"CODE_SIGN_IDENTITY[sdk=iphoneos*]" = "iPhone Developer";
				COPY_PHASE_STRIP = NO;
				DEBUG_INFORMATION_FORMAT = "dwarf-with-dsym";
				ENABLE_NS_ASSERTIONS = NO;
				ENABLE_STRICT_OBJC_MSGSEND = YES;
				GCC_C_LANGUAGE_STANDARD = gnu99;
				GCC_NO_COMMON_BLOCKS = YES;
				GCC_WARN_64_TO_32_BIT_CONVERSION = YES;
				GCC_WARN_ABOUT_RETURN_TYPE = YES_ERROR;
				GCC_WARN_UNDECLARED_SELECTOR = YES;
				GCC_WARN_UNINITIALIZED_AUTOS = YES_AGGRESSIVE;
				GCC_WARN_UNUSED_FUNCTION = YES;
				GCC_WARN_UNUSED_VARIABLE = YES;
				IPHONEOS_DEPLOYMENT_TARGET = 10.3;
				MTL_ENABLE_DEBUG_INFO = NO;
				SDKROOT = iphoneos;
				SWIFT_OPTIMIZATION_LEVEL = "-Owholemodule";
				VALIDATE_PRODUCT = YES;
			};
			name = Release;
		};
		192BF64F1F564FBF007110C1 /* Debug */ = {
			isa = XCBuildConfiguration;
			buildSettings = {
				ASSETCATALOG_COMPILER_APPICON_NAME = AppIcon;
				DEVELOPMENT_TEAM = E8W6XDS66Q;
				INFOPLIST_FILE = "Simple Calculator/Info.plist";
				LD_RUNPATH_SEARCH_PATHS = "$(inherited) @executable_path/Frameworks";
				PRODUCT_BUNDLE_IDENTIFIER = "Chris-McDonald.Simple-Calculator";
				PRODUCT_NAME = "$(TARGET_NAME)";
				SWIFT_VERSION = 3.0;
			};
			name = Debug;
		};
		192BF6501F564FBF007110C1 /* Release */ = {
			isa = XCBuildConfiguration;
			buildSettings = {
				ASSETCATALOG_COMPILER_APPICON_NAME = AppIcon;
				DEVELOPMENT_TEAM = E8W6XDS66Q;
				INFOPLIST_FILE = "Simple Calculator/Info.plist";
				LD_RUNPATH_SEARCH_PATHS = "$(inherited) @executable_path/Frameworks";
				PRODUCT_BUNDLE_IDENTIFIER = "Chris-McDonald.Simple-Calculator";
				PRODUCT_NAME = "$(TARGET_NAME)";
				SWIFT_VERSION = 3.0;
			};
			name = Release;
		};
		192BF6521F564FBF007110C1 /* Debug */ = {
			isa = XCBuildConfiguration;
			buildSettings = {
				ALWAYS_EMBED_SWIFT_STANDARD_LIBRARIES = YES;
				BUNDLE_LOADER = "$(TEST_HOST)";
				DEVELOPMENT_TEAM = E8W6XDS66Q;
				INFOPLIST_FILE = "Simple CalculatorTests/Info.plist";
				LD_RUNPATH_SEARCH_PATHS = "$(inherited) @executable_path/Frameworks @loader_path/Frameworks";
				PRODUCT_BUNDLE_IDENTIFIER = "Chris-McDonald.Simple-CalculatorTests";
				PRODUCT_NAME = "$(TARGET_NAME)";
				SWIFT_VERSION = 3.0;
				TEST_HOST = "$(BUILT_PRODUCTS_DIR)/Simple Calculator.app/Simple Calculator";
			};
			name = Debug;
		};
		192BF6531F564FBF007110C1 /* Release */ = {
			isa = XCBuildConfiguration;
			buildSettings = {
				ALWAYS_EMBED_SWIFT_STANDARD_LIBRARIES = YES;
				BUNDLE_LOADER = "$(TEST_HOST)";
				DEVELOPMENT_TEAM = E8W6XDS66Q;
				INFOPLIST_FILE = "Simple CalculatorTests/Info.plist";
				LD_RUNPATH_SEARCH_PATHS = "$(inherited) @executable_path/Frameworks @loader_path/Frameworks";
				PRODUCT_BUNDLE_IDENTIFIER = "Chris-McDonald.Simple-CalculatorTests";
				PRODUCT_NAME = "$(TARGET_NAME)";
				SWIFT_VERSION = 3.0;
				TEST_HOST = "$(BUILT_PRODUCTS_DIR)/Simple Calculator.app/Simple Calculator";
			};
			name = Release;
		};
/* End XCBuildConfiguration section */

/* Begin XCConfigurationList section */
		192BF62C1F564FBF007110C1 /* Build configuration list for PBXProject "Simple Calculator" */ = {
			isa = XCConfigurationList;
			buildConfigurations = (
				192BF64C1F564FBF007110C1 /* Debug */,
				192BF64D1F564FBF007110C1 /* Release */,
			);
			defaultConfigurationIsVisible = 0;
			defaultConfigurationName = Release;
		};
		192BF64E1F564FBF007110C1 /* Build configuration list for PBXNativeTarget "Simple Calculator" */ = {
			isa = XCConfigurationList;
			buildConfigurations = (
				192BF64F1F564FBF007110C1 /* Debug */,
				192BF6501F564FBF007110C1 /* Release */,
			);
			defaultConfigurationIsVisible = 0;
			defaultConfigurationName = Release;
		};
		192BF6511F564FBF007110C1 /* Build configuration list for PBXNativeTarget "Simple CalculatorTests" */ = {
			isa = XCConfigurationList;
			buildConfigurations = (
				192BF6521F564FBF007110C1 /* Debug */,
				192BF6531F564FBF007110C1 /* Release */,
			);
			defaultConfigurationIsVisible = 0;
			defaultConfigurationName = Release;
		};
/* End XCConfigurationList section */
	};
	rootObject = 192BF6291F564FBF007110C1 /* Project object */;
}
